
Microsoft Visual Studio Solution File, Format Version 12.00
# Visual Studio Version 16
VisualStudioVersion = 16.0.28803.202
MinimumVisualStudioVersion = 10.0.40219.1
Project("{FAE04EC0-301F-11D3-BF4B-00C04F79EFBC}") = "Selenium", "Selenium\Selenium.csproj", "{D9153D7F-94C2-42DF-9F7F-2E1450FC16CF}"
EndProject
Global
	GlobalSection(SolutionConfigurationPlatforms) = preSolution
		Debug|Any CPU = Debug|Any CPU
		Release|Any CPU = Release|Any CPU
	EndGlobalSection
	GlobalSection(ProjectConfigurationPlatforms) = postSolution
		{D9153D7F-94C2-42DF-9F7F-2E1450FC16CF}.Debug|Any CPU.ActiveCfg = Debug|Any CPU
		{D9153D7F-94C2-42DF-9F7F-2E1450FC16CF}.Debug|Any CPU.Build.0 = Debug|Any CPU
		{D9153D7F-94C2-42DF-9F7F-2E1450FC16CF}.Release|Any CPU.ActiveCfg = Release|Any CPU
		{D9153D7F-94C2-42DF-9F7F-2E1450FC16CF}.Release|Any CPU.Build.0 = Release|Any CPU
	EndGlobalSection
	GlobalSection(SolutionProperties) = preSolution
		HideSolutionNode = FALSE
	EndGlobalSection
	GlobalSection(ExtensibilityGlobals) = postSolution
		SolutionGuid = {E3EDEB19-0633-4706-B7CB-697EE45F0BBC}
	EndGlobalSection
EndGlobal
